
Microsoft Visual Studio Solution File, Format Version 12.00
# Visual Studio Version 17
VisualStudioVersion = 17.9.34902.65
MinimumVisualStudioVersion = 10.0.40219.1
Project("{8BC9CEB8-8B4A-11D0-8D11-00A0C91BC942}") = "BankingApp", "BankingApp\BankingApp.vcxproj", "{728C3BF6-18BC-4EDF-911C-76AB617BECF6}"
EndProject
Global
	GlobalSection(SolutionConfigurationPlatforms) = preSolution
		Debug|x64 = Debug|x64
		Debug|x86 = Debug|x86
		Release|x64 = Release|x64
		Release|x86 = Release|x86
	EndGlobalSection
	GlobalSection(ProjectConfigurationPlatforms) = postSolution
		{728C3BF6-18BC-4EDF-911C-76AB617BECF6}.Debug|x64.ActiveCfg = Debug|x64
		{728C3BF6-18BC-4EDF-911C-76AB617BECF6}.Debug|x64.Build.0 = Debug|x64
		{728C3BF6-18BC-4EDF-911C-76AB617BECF6}.Debug|x86.ActiveCfg = Debug|Win32
		{728C3BF6-18BC-4EDF-911C-76AB617BECF6}.Debug|x86.Build.0 = Debug|Win32
		{728C3BF6-18BC-4EDF-911C-76AB617BECF6}.Release|x64.ActiveCfg = Release|x64
		{728C3BF6-18BC-4EDF-911C-76AB617BECF6}.Release|x64.Build.0 = Release|x64
		{728C3BF6-18BC-4EDF-911C-76AB617BECF6}.Release|x86.ActiveCfg = Release|Win32
		{728C3BF6-18BC-4EDF-911C-76AB617BECF6}.Release|x86.Build.0 = Release|Win32
	EndGlobalSection
	GlobalSection(SolutionProperties) = preSolution
		HideSolutionNode = FALSE
	EndGlobalSection
	GlobalSection(ExtensibilityGlobals) = postSolution
		SolutionGuid = {806E54EF-77F8-48B9-9C87-37FD76799261}
	EndGlobalSection
EndGlobal
